
Microsoft Visual Studio Solution File, Format Version 12.00
# Visual Studio Version 17
VisualStudioVersion = 17.3.32519.111
MinimumVisualStudioVersion = 10.0.40219.1
Project("{FAE04EC0-301F-11D3-BF4B-00C04F79EFBC}") = "DatabaseWebAPI", "DatabaseWebAPI\DatabaseWebAPI.csproj", "{D7AAD9BB-BB77-4AB3-9052-1B215929CDE1}"
EndProject
Project("{FAE04EC0-301F-11D3-BF4B-00C04F79EFBC}") = "Authenticator", "Authenticator\Authenticator.csproj", "{333B9E55-E246-4D92-B7A1-CCCCC517FB31}"
EndProject
Project("{FAE04EC0-301F-11D3-BF4B-00C04F79EFBC}") = "DesktopClient", "DesktopClient\DesktopClient.csproj", "{13F88FDE-87F7-49D9-ACDF-A90F613A78B6}"
EndProject
Project("{FAE04EC0-301F-11D3-BF4B-00C04F79EFBC}") = "Common", "Common\Common.csproj", "{DD27E1DB-AE9F-4B18-ABED-DCAD530C69C0}"
EndProject
Project("{FAE04EC0-301F-11D3-BF4B-00C04F79EFBC}") = "WebSwarm", "WebSwarm\WebSwarm.csproj", "{DCAAED2F-D8CF-4DB5-B3A8-AC9E2A4F0463}"
EndProject
Global
	GlobalSection(SolutionConfigurationPlatforms) = preSolution
		Debug|Any CPU = Debug|Any CPU
		Release|Any CPU = Release|Any CPU
	EndGlobalSection
	GlobalSection(ProjectConfigurationPlatforms) = postSolution
		{D7AAD9BB-BB77-4AB3-9052-1B215929CDE1}.Debug|Any CPU.ActiveCfg = Debug|Any CPU
		{D7AAD9BB-BB77-4AB3-9052-1B215929CDE1}.Debug|Any CPU.Build.0 = Debug|Any CPU
		{D7AAD9BB-BB77-4AB3-9052-1B215929CDE1}.Release|Any CPU.ActiveCfg = Release|Any CPU
		{D7AAD9BB-BB77-4AB3-9052-1B215929CDE1}.Release|Any CPU.Build.0 = Release|Any CPU
		{333B9E55-E246-4D92-B7A1-CCCCC517FB31}.Debug|Any CPU.ActiveCfg = Debug|Any CPU
		{333B9E55-E246-4D92-B7A1-CCCCC517FB31}.Debug|Any CPU.Build.0 = Debug|Any CPU
		{333B9E55-E246-4D92-B7A1-CCCCC517FB31}.Release|Any CPU.ActiveCfg = Release|Any CPU
		{333B9E55-E246-4D92-B7A1-CCCCC517FB31}.Release|Any CPU.Build.0 = Release|Any CPU
		{13F88FDE-87F7-49D9-ACDF-A90F613A78B6}.Debug|Any CPU.ActiveCfg = Debug|Any CPU
		{13F88FDE-87F7-49D9-ACDF-A90F613A78B6}.Debug|Any CPU.Build.0 = Debug|Any CPU
		{13F88FDE-87F7-49D9-ACDF-A90F613A78B6}.Release|Any CPU.ActiveCfg = Release|Any CPU
		{13F88FDE-87F7-49D9-ACDF-A90F613A78B6}.Release|Any CPU.Build.0 = Release|Any CPU
		{DD27E1DB-AE9F-4B18-ABED-DCAD530C69C0}.Debug|Any CPU.ActiveCfg = Debug|Any CPU
		{DD27E1DB-AE9F-4B18-ABED-DCAD530C69C0}.Debug|Any CPU.Build.0 = Debug|Any CPU
		{DD27E1DB-AE9F-4B18-ABED-DCAD530C69C0}.Release|Any CPU.ActiveCfg = Release|Any CPU
		{DD27E1DB-AE9F-4B18-ABED-DCAD530C69C0}.Release|Any CPU.Build.0 = Release|Any CPU
		{DCAAED2F-D8CF-4DB5-B3A8-AC9E2A4F0463}.Debug|Any CPU.ActiveCfg = Debug|Any CPU
		{DCAAED2F-D8CF-4DB5-B3A8-AC9E2A4F0463}.Debug|Any CPU.Build.0 = Debug|Any CPU
		{DCAAED2F-D8CF-4DB5-B3A8-AC9E2A4F0463}.Release|Any CPU.ActiveCfg = Release|Any CPU
		{DCAAED2F-D8CF-4DB5-B3A8-AC9E2A4F0463}.Release|Any CPU.Build.0 = Release|Any CPU
	EndGlobalSection
	GlobalSection(SolutionProperties) = preSolution
		HideSolutionNode = FALSE
	EndGlobalSection
	GlobalSection(ExtensibilityGlobals) = postSolution
		SolutionGuid = {8434AE47-F037-4968-8331-7CBC1208DE9A}
	EndGlobalSection
EndGlobal
