
Microsoft Visual Studio Solution File, Format Version 12.00
# Visual Studio Version 17
VisualStudioVersion = 17.3.32519.111
MinimumVisualStudioVersion = 10.0.40219.1
Project("{FAE04EC0-301F-11D3-BF4B-00C04F79EFBC}") = "DatabaseWebAPI", "DatabaseWebAPI\DatabaseWebAPI.csproj", "{D7AAD9BB-BB77-4AB3-9052-1B215929CDE1}"
EndProject
Global
	GlobalSection(SolutionConfigurationPlatforms) = preSolution
		Debug|Any CPU = Debug|Any CPU
		Release|Any CPU = Release|Any CPU
	EndGlobalSection
	GlobalSection(ProjectConfigurationPlatforms) = postSolution
		{D7AAD9BB-BB77-4AB3-9052-1B215929CDE1}.Debug|Any CPU.ActiveCfg = Debug|Any CPU
		{D7AAD9BB-BB77-4AB3-9052-1B215929CDE1}.Debug|Any CPU.Build.0 = Debug|Any CPU
		{D7AAD9BB-BB77-4AB3-9052-1B215929CDE1}.Release|Any CPU.ActiveCfg = Release|Any CPU
		{D7AAD9BB-BB77-4AB3-9052-1B215929CDE1}.Release|Any CPU.Build.0 = Release|Any CPU
	EndGlobalSection
	GlobalSection(SolutionProperties) = preSolution
		HideSolutionNode = FALSE
	EndGlobalSection
	GlobalSection(ExtensibilityGlobals) = postSolution
		SolutionGuid = {8434AE47-F037-4968-8331-7CBC1208DE9A}
	EndGlobalSection
EndGlobal
